// !$*UTF8*$!
{
	archiveVersion = 1;
	classes = {
	};
	objectVersion = 56;
	objects = {

/* Begin PBXBuildFile section */
		210DFD992892931D008E3C07 /* Launch Screen.storyboard in Resources */ = {isa = PBXBuildFile; fileRef = 210DFD982892931D008E3C07 /* Launch Screen.storyboard */; };
		210DFD9C28929A2D008E3C07 /* View+Extension.swift in Sources */ = {isa = PBXBuildFile; fileRef = 210DFD9B28929A2D008E3C07 /* View+Extension.swift */; };
		213BF004289BDC4D005A68B6 /* RatingSlider.swift in Sources */ = {isa = PBXBuildFile; fileRef = 213BF003289BDC4D005A68B6 /* RatingSlider.swift */; };
		213BF006289BDC55005A68B6 /* ReviewTextField.swift in Sources */ = {isa = PBXBuildFile; fileRef = 213BF005289BDC55005A68B6 /* ReviewTextField.swift */; };
		213BF008289BDC5F005A68B6 /* RatingIndicator.swift in Sources */ = {isa = PBXBuildFile; fileRef = 213BF007289BDC5F005A68B6 /* RatingIndicator.swift */; };
		215F0A98288FA3AD0045FFF8 /* ButtonStyle.swift in Sources */ = {isa = PBXBuildFile; fileRef = 215F0A97288FA3AD0045FFF8 /* ButtonStyle.swift */; };
		215F0A9A288FA68A0045FFF8 /* BookInfoView.swift in Sources */ = {isa = PBXBuildFile; fileRef = 215F0A99288FA68A0045FFF8 /* BookInfoView.swift */; };
		215F0A9E288FA6E80045FFF8 /* BookDetailView.swift in Sources */ = {isa = PBXBuildFile; fileRef = 215F0A9D288FA6E80045FFF8 /* BookDetailView.swift */; };
		215F0AA0288FA6F40045FFF8 /* BookMarkView.swift in Sources */ = {isa = PBXBuildFile; fileRef = 215F0A9F288FA6F40045FFF8 /* BookMarkView.swift */; };
		215F0AA2288FA7620045FFF8 /* ManageBookmarkView.swift in Sources */ = {isa = PBXBuildFile; fileRef = 215F0AA1288FA7620045FFF8 /* ManageBookmarkView.swift */; };
		215F0AA4288FA78A0045FFF8 /* BottomSheet.swift in Sources */ = {isa = PBXBuildFile; fileRef = 215F0AA3288FA78A0045FFF8 /* BottomSheet.swift */; };
		215FB3A728980F02009C85F9 /* UIKit+Extension.swift in Sources */ = {isa = PBXBuildFile; fileRef = 215FB3A628980F02009C85F9 /* UIKit+Extension.swift */; };
		215FB3A928984761009C85F9 /* LaunchScreenView.swift in Sources */ = {isa = PBXBuildFile; fileRef = 215FB3A828984761009C85F9 /* LaunchScreenView.swift */; };
		216019BC289EA19D00454721 /* StepSlider.swift in Sources */ = {isa = PBXBuildFile; fileRef = 216019BB289EA19D00454721 /* StepSlider.swift */; };
		217E5B8C28A8F83E009A8C11 /* BarCodeScanner.swift in Sources */ = {isa = PBXBuildFile; fileRef = 217E5B8B28A8F83E009A8C11 /* BarCodeScanner.swift */; };
		217E5B8F28ABF9F1009A8C11 /* AddBarcodeViewModel.swift in Sources */ = {isa = PBXBuildFile; fileRef = 217E5B8E28ABF9F1009A8C11 /* AddBarcodeViewModel.swift */; };
		217E5B9128ACC442009A8C11 /* Foundation+Extension.swift in Sources */ = {isa = PBXBuildFile; fileRef = 217E5B9028ACC442009A8C11 /* Foundation+Extension.swift */; };
		217E5B9528ACDAE1009A8C11 /* TestARView.swift in Sources */ = {isa = PBXBuildFile; fileRef = 217E5B9428ACDAE1009A8C11 /* TestARView.swift */; };
		21857523289149D20082F2A0 /* NetworkType.swift in Sources */ = {isa = PBXBuildFile; fileRef = 21857522289149D20082F2A0 /* NetworkType.swift */; };
		218E63ED288C503A0023A8A0 /* SearchBar.swift in Sources */ = {isa = PBXBuildFile; fileRef = 218E63EC288C503A0023A8A0 /* SearchBar.swift */; };
		21B1E6162892A714004593C7 /* BookListViewModel.swift in Sources */ = {isa = PBXBuildFile; fileRef = 21B1E6152892A714004593C7 /* BookListViewModel.swift */; };
		21B1E61A2892ABD4004593C7 /* AddSearchViewModel.swift in Sources */ = {isa = PBXBuildFile; fileRef = 21B1E6192892ABD4004593C7 /* AddSearchViewModel.swift */; };
		21B1E61D289390FE004593C7 /* Kingfisher in Frameworks */ = {isa = PBXBuildFile; productRef = 21B1E61C289390FE004593C7 /* Kingfisher */; };
		21CF2BDC28927C1700293E38 /* CoreDataManager.swift in Sources */ = {isa = PBXBuildFile; fileRef = 21CF2BDB28927C1700293E38 /* CoreDataManager.swift */; };
		21CF2BDF28927C7A00293E38 /* Dandelion.xcdatamodeld in Sources */ = {isa = PBXBuildFile; fileRef = 21CF2BDD28927C7A00293E38 /* Dandelion.xcdatamodeld */; };
		21CF2BE1289280A300293E38 /* NetworkingManager.swift in Sources */ = {isa = PBXBuildFile; fileRef = 21CF2BE0289280A300293E38 /* NetworkingManager.swift */; };
		21CF2BE3289280BD00293E38 /* BookSearchService.swift in Sources */ = {isa = PBXBuildFile; fileRef = 21CF2BE2289280BD00293E38 /* BookSearchService.swift */; };
		21CF2BE528928FFB00293E38 /* AddBarcodeView.swift in Sources */ = {isa = PBXBuildFile; fileRef = 21CF2BE428928FFB00293E38 /* AddBarcodeView.swift */; };
		21D1DF082899600000C49DE1 /* Date+Extension.swift in Sources */ = {isa = PBXBuildFile; fileRef = 21D1DF072899600000C49DE1 /* Date+Extension.swift */; };
		21D1DF0B289967B300C49DE1 /* BookDetailViewModel.swift in Sources */ = {isa = PBXBuildFile; fileRef = 21D1DF0A289967B300C49DE1 /* BookDetailViewModel.swift */; };
		21FDE2C32890090100A779A5 /* AddSearchView.swift in Sources */ = {isa = PBXBuildFile; fileRef = 21FDE2C22890090100A779A5 /* AddSearchView.swift */; };
		21FDE2C528900C1500A779A5 /* AddBookView.swift in Sources */ = {isa = PBXBuildFile; fileRef = 21FDE2C428900C1500A779A5 /* AddBookView.swift */; };
		21FDE2C7289013F700A779A5 /* CustomSlider.swift in Sources */ = {isa = PBXBuildFile; fileRef = 21FDE2C6289013F700A779A5 /* CustomSlider.swift */; };
		21FDE2C92890140700A779A5 /* PageStepper.swift in Sources */ = {isa = PBXBuildFile; fileRef = 21FDE2C82890140700A779A5 /* PageStepper.swift */; };
		21FE9A87289F9CBF0001B7CC /* ScanButton.swift in Sources */ = {isa = PBXBuildFile; fileRef = 21FE9A86289F9CBF0001B7CC /* ScanButton.swift */; };
		21FFCCF2288C092F003152C2 /* DandelionApp.swift in Sources */ = {isa = PBXBuildFile; fileRef = 21FFCCF1288C092F003152C2 /* DandelionApp.swift */; };
		21FFCCF4288C092F003152C2 /* BookListView.swift in Sources */ = {isa = PBXBuildFile; fileRef = 21FFCCF3288C092F003152C2 /* BookListView.swift */; };
		21FFCCF6288C0930003152C2 /* Assets.xcassets in Resources */ = {isa = PBXBuildFile; fileRef = 21FFCCF5288C0930003152C2 /* Assets.xcassets */; };
		21FFCCF9288C0930003152C2 /* Preview Assets.xcassets in Resources */ = {isa = PBXBuildFile; fileRef = 21FFCCF8288C0930003152C2 /* Preview Assets.xcassets */; };
		21FFCD00288C0ED2003152C2 /* Color.swift in Sources */ = {isa = PBXBuildFile; fileRef = 21FFCCFF288C0ED2003152C2 /* Color.swift */; };
		21FFCD02288C0EE2003152C2 /* Typography.swift in Sources */ = {isa = PBXBuildFile; fileRef = 21FFCD01288C0EE2003152C2 /* Typography.swift */; };
		21FFCD08288C1E33003152C2 /* PlayfairDisplay-Bold.ttf in Resources */ = {isa = PBXBuildFile; fileRef = 21FFCD05288C1E32003152C2 /* PlayfairDisplay-Bold.ttf */; };
		21FFCD09288C1E33003152C2 /* PlayfairDisplay-Italic.ttf in Resources */ = {isa = PBXBuildFile; fileRef = 21FFCD06288C1E33003152C2 /* PlayfairDisplay-Italic.ttf */; };
		21FFCD0A288C1E33003152C2 /* PlayfairDisplay-Regular.ttf in Resources */ = {isa = PBXBuildFile; fileRef = 21FFCD07288C1E33003152C2 /* PlayfairDisplay-Regular.ttf */; };
		21FFCD0D288C1EDB003152C2 /* NanumMyeongjo.otf in Resources */ = {isa = PBXBuildFile; fileRef = 21FFCD0B288C1EDB003152C2 /* NanumMyeongjo.otf */; };
		21FFCD0E288C1EDB003152C2 /* NanumMyeongjoExtraBold.otf in Resources */ = {isa = PBXBuildFile; fileRef = 21FFCD0C288C1EDB003152C2 /* NanumMyeongjoExtraBold.otf */; };
		21FFCD11288C2D29003152C2 /* SF-Pro.ttf in Resources */ = {isa = PBXBuildFile; fileRef = 21FFCD10288C2D29003152C2 /* SF-Pro.ttf */; };
		21FFCD13288C33EB003152C2 /* Asset.swift in Sources */ = {isa = PBXBuildFile; fileRef = 21FFCD12288C33EA003152C2 /* Asset.swift */; };
/* End PBXBuildFile section */

/* Begin PBXFileReference section */
		210DFD982892931D008E3C07 /* Launch Screen.storyboard */ = {isa = PBXFileReference; lastKnownFileType = file.storyboard; path = "Launch Screen.storyboard"; sourceTree = "<group>"; };
		210DFD9B28929A2D008E3C07 /* View+Extension.swift */ = {isa = PBXFileReference; lastKnownFileType = sourcecode.swift; path = "View+Extension.swift"; sourceTree = "<group>"; };
		213BF003289BDC4D005A68B6 /* RatingSlider.swift */ = {isa = PBXFileReference; lastKnownFileType = sourcecode.swift; path = RatingSlider.swift; sourceTree = "<group>"; };
		213BF005289BDC55005A68B6 /* ReviewTextField.swift */ = {isa = PBXFileReference; lastKnownFileType = sourcecode.swift; path = ReviewTextField.swift; sourceTree = "<group>"; };
		213BF007289BDC5F005A68B6 /* RatingIndicator.swift */ = {isa = PBXFileReference; lastKnownFileType = sourcecode.swift; path = RatingIndicator.swift; sourceTree = "<group>"; };
		215F0A97288FA3AD0045FFF8 /* ButtonStyle.swift */ = {isa = PBXFileReference; lastKnownFileType = sourcecode.swift; path = ButtonStyle.swift; sourceTree = "<group>"; };
		215F0A99288FA68A0045FFF8 /* BookInfoView.swift */ = {isa = PBXFileReference; lastKnownFileType = sourcecode.swift; path = BookInfoView.swift; sourceTree = "<group>"; };
		215F0A9D288FA6E80045FFF8 /* BookDetailView.swift */ = {isa = PBXFileReference; lastKnownFileType = sourcecode.swift; path = BookDetailView.swift; sourceTree = "<group>"; };
		215F0A9F288FA6F40045FFF8 /* BookMarkView.swift */ = {isa = PBXFileReference; lastKnownFileType = sourcecode.swift; path = BookMarkView.swift; sourceTree = "<group>"; };
		215F0AA1288FA7620045FFF8 /* ManageBookmarkView.swift */ = {isa = PBXFileReference; lastKnownFileType = sourcecode.swift; path = ManageBookmarkView.swift; sourceTree = "<group>"; };
		215F0AA3288FA78A0045FFF8 /* BottomSheet.swift */ = {isa = PBXFileReference; lastKnownFileType = sourcecode.swift; path = BottomSheet.swift; sourceTree = "<group>"; };
		215FB3A628980F02009C85F9 /* UIKit+Extension.swift */ = {isa = PBXFileReference; lastKnownFileType = sourcecode.swift; path = "UIKit+Extension.swift"; sourceTree = "<group>"; };
		215FB3A828984761009C85F9 /* LaunchScreenView.swift */ = {isa = PBXFileReference; lastKnownFileType = sourcecode.swift; path = LaunchScreenView.swift; sourceTree = "<group>"; };
		216019BB289EA19D00454721 /* StepSlider.swift */ = {isa = PBXFileReference; lastKnownFileType = sourcecode.swift; path = StepSlider.swift; sourceTree = "<group>"; };
		217E5B8B28A8F83E009A8C11 /* BarCodeScanner.swift */ = {isa = PBXFileReference; lastKnownFileType = sourcecode.swift; path = BarCodeScanner.swift; sourceTree = "<group>"; };
		217E5B8E28ABF9F1009A8C11 /* AddBarcodeViewModel.swift */ = {isa = PBXFileReference; lastKnownFileType = sourcecode.swift; path = AddBarcodeViewModel.swift; sourceTree = "<group>"; };
		217E5B9028ACC442009A8C11 /* Foundation+Extension.swift */ = {isa = PBXFileReference; lastKnownFileType = sourcecode.swift; path = "Foundation+Extension.swift"; sourceTree = "<group>"; };
		217E5B9428ACDAE1009A8C11 /* TestARView.swift */ = {isa = PBXFileReference; lastKnownFileType = sourcecode.swift; path = TestARView.swift; sourceTree = "<group>"; };
		21857522289149D20082F2A0 /* NetworkType.swift */ = {isa = PBXFileReference; lastKnownFileType = sourcecode.swift; path = NetworkType.swift; sourceTree = "<group>"; };
		218E63EC288C503A0023A8A0 /* SearchBar.swift */ = {isa = PBXFileReference; lastKnownFileType = sourcecode.swift; path = SearchBar.swift; sourceTree = "<group>"; };
		21B1E6152892A714004593C7 /* BookListViewModel.swift */ = {isa = PBXFileReference; lastKnownFileType = sourcecode.swift; path = BookListViewModel.swift; sourceTree = "<group>"; };
		21B1E6192892ABD4004593C7 /* AddSearchViewModel.swift */ = {isa = PBXFileReference; lastKnownFileType = sourcecode.swift; path = AddSearchViewModel.swift; sourceTree = "<group>"; };
		21CF2BDB28927C1700293E38 /* CoreDataManager.swift */ = {isa = PBXFileReference; lastKnownFileType = sourcecode.swift; path = CoreDataManager.swift; sourceTree = "<group>"; };
		21CF2BDE28927C7A00293E38 /* Dandelion.xcdatamodel */ = {isa = PBXFileReference; lastKnownFileType = wrapper.xcdatamodel; path = Dandelion.xcdatamodel; sourceTree = "<group>"; };
		21CF2BE0289280A300293E38 /* NetworkingManager.swift */ = {isa = PBXFileReference; lastKnownFileType = sourcecode.swift; path = NetworkingManager.swift; sourceTree = "<group>"; };
		21CF2BE2289280BD00293E38 /* BookSearchService.swift */ = {isa = PBXFileReference; lastKnownFileType = sourcecode.swift; path = BookSearchService.swift; sourceTree = "<group>"; };
		21CF2BE428928FFB00293E38 /* AddBarcodeView.swift */ = {isa = PBXFileReference; lastKnownFileType = sourcecode.swift; path = AddBarcodeView.swift; sourceTree = "<group>"; };
		21D1DF072899600000C49DE1 /* Date+Extension.swift */ = {isa = PBXFileReference; lastKnownFileType = sourcecode.swift; path = "Date+Extension.swift"; sourceTree = "<group>"; };
		21D1DF0A289967B300C49DE1 /* BookDetailViewModel.swift */ = {isa = PBXFileReference; lastKnownFileType = sourcecode.swift; path = BookDetailViewModel.swift; sourceTree = "<group>"; };
		21FDE2C22890090100A779A5 /* AddSearchView.swift */ = {isa = PBXFileReference; lastKnownFileType = sourcecode.swift; path = AddSearchView.swift; sourceTree = "<group>"; };
		21FDE2C428900C1500A779A5 /* AddBookView.swift */ = {isa = PBXFileReference; lastKnownFileType = sourcecode.swift; path = AddBookView.swift; sourceTree = "<group>"; };
		21FDE2C6289013F700A779A5 /* CustomSlider.swift */ = {isa = PBXFileReference; lastKnownFileType = sourcecode.swift; path = CustomSlider.swift; sourceTree = "<group>"; };
		21FDE2C82890140700A779A5 /* PageStepper.swift */ = {isa = PBXFileReference; lastKnownFileType = sourcecode.swift; path = PageStepper.swift; sourceTree = "<group>"; };
		21FE9A86289F9CBF0001B7CC /* ScanButton.swift */ = {isa = PBXFileReference; lastKnownFileType = sourcecode.swift; path = ScanButton.swift; sourceTree = "<group>"; };
		21FFCCEE288C092F003152C2 /* Dandelion.app */ = {isa = PBXFileReference; explicitFileType = wrapper.application; includeInIndex = 0; path = Dandelion.app; sourceTree = BUILT_PRODUCTS_DIR; };
		21FFCCF1288C092F003152C2 /* DandelionApp.swift */ = {isa = PBXFileReference; lastKnownFileType = sourcecode.swift; path = DandelionApp.swift; sourceTree = "<group>"; };
		21FFCCF3288C092F003152C2 /* BookListView.swift */ = {isa = PBXFileReference; lastKnownFileType = sourcecode.swift; path = BookListView.swift; sourceTree = "<group>"; };
		21FFCCF5288C0930003152C2 /* Assets.xcassets */ = {isa = PBXFileReference; lastKnownFileType = folder.assetcatalog; path = Assets.xcassets; sourceTree = "<group>"; };
		21FFCCF8288C0930003152C2 /* Preview Assets.xcassets */ = {isa = PBXFileReference; lastKnownFileType = folder.assetcatalog; path = "Preview Assets.xcassets"; sourceTree = "<group>"; };
		21FFCCFF288C0ED2003152C2 /* Color.swift */ = {isa = PBXFileReference; lastKnownFileType = sourcecode.swift; path = Color.swift; sourceTree = "<group>"; };
		21FFCD01288C0EE2003152C2 /* Typography.swift */ = {isa = PBXFileReference; lastKnownFileType = sourcecode.swift; path = Typography.swift; sourceTree = "<group>"; };
		21FFCD05288C1E32003152C2 /* PlayfairDisplay-Bold.ttf */ = {isa = PBXFileReference; lastKnownFileType = file; path = "PlayfairDisplay-Bold.ttf"; sourceTree = "<group>"; };
		21FFCD06288C1E33003152C2 /* PlayfairDisplay-Italic.ttf */ = {isa = PBXFileReference; lastKnownFileType = file; path = "PlayfairDisplay-Italic.ttf"; sourceTree = "<group>"; };
		21FFCD07288C1E33003152C2 /* PlayfairDisplay-Regular.ttf */ = {isa = PBXFileReference; lastKnownFileType = file; path = "PlayfairDisplay-Regular.ttf"; sourceTree = "<group>"; };
		21FFCD0B288C1EDB003152C2 /* NanumMyeongjo.otf */ = {isa = PBXFileReference; lastKnownFileType = file; path = NanumMyeongjo.otf; sourceTree = "<group>"; };
		21FFCD0C288C1EDB003152C2 /* NanumMyeongjoExtraBold.otf */ = {isa = PBXFileReference; lastKnownFileType = file; path = NanumMyeongjoExtraBold.otf; sourceTree = "<group>"; };
		21FFCD0F288C1EF8003152C2 /* Info.plist */ = {isa = PBXFileReference; lastKnownFileType = text.plist; path = Info.plist; sourceTree = "<group>"; };
		21FFCD10288C2D29003152C2 /* SF-Pro.ttf */ = {isa = PBXFileReference; lastKnownFileType = file; path = "SF-Pro.ttf"; sourceTree = "<group>"; };
		21FFCD12288C33EA003152C2 /* Asset.swift */ = {isa = PBXFileReference; lastKnownFileType = sourcecode.swift; path = Asset.swift; sourceTree = "<group>"; };
/* End PBXFileReference section */

/* Begin PBXFrameworksBuildPhase section */
		21FFCCEB288C092F003152C2 /* Frameworks */ = {
			isa = PBXFrameworksBuildPhase;
			buildActionMask = 2147483647;
			files = (
				21B1E61D289390FE004593C7 /* Kingfisher in Frameworks */,
			);
			runOnlyForDeploymentPostprocessing = 0;
		};
/* End PBXFrameworksBuildPhase section */

/* Begin PBXGroup section */
		210DFD9A28929A19008E3C07 /* Extension */ = {
			isa = PBXGroup;
			children = (
				210DFD9B28929A2D008E3C07 /* View+Extension.swift */,
				215FB3A628980F02009C85F9 /* UIKit+Extension.swift */,
				21D1DF072899600000C49DE1 /* Date+Extension.swift */,
				217E5B9028ACC442009A8C11 /* Foundation+Extension.swift */,
			);
			path = Extension;
			sourceTree = "<group>";
		};
		213BF002289BDC3A005A68B6 /* Components */ = {
			isa = PBXGroup;
			children = (
				213BF003289BDC4D005A68B6 /* RatingSlider.swift */,
				213BF005289BDC55005A68B6 /* ReviewTextField.swift */,
				213BF007289BDC5F005A68B6 /* RatingIndicator.swift */,
			);
			path = Components;
			sourceTree = "<group>";
		};
		215F0A9B288FA6910045FFF8 /* Components */ = {
			isa = PBXGroup;
			children = (
				215F0A97288FA3AD0045FFF8 /* ButtonStyle.swift */,
				218E63EC288C503A0023A8A0 /* SearchBar.swift */,
				215F0AA3288FA78A0045FFF8 /* BottomSheet.swift */,
				21FDE2C6289013F700A779A5 /* CustomSlider.swift */,
				216019BB289EA19D00454721 /* StepSlider.swift */,
				21FDE2C82890140700A779A5 /* PageStepper.swift */,
				21FE9A86289F9CBF0001B7CC /* ScanButton.swift */,
				217E5B8B28A8F83E009A8C11 /* BarCodeScanner.swift */,
			);
			path = Components;
			sourceTree = "<group>";
		};
		215F0A9C288FA6A40045FFF8 /* Core */ = {
			isa = PBXGroup;
			children = (
				217E5B9328ACDAB8009A8C11 /* AR */,
				217E5B9228ACC61F009A8C11 /* AddBook */,
				21D1DF09289967A200C49DE1 /* BookDetail */,
				21B1E6172892ABA2004593C7 /* BookList */,
				215FB3A828984761009C85F9 /* LaunchScreenView.swift */,
			);
			path = Core;
			sourceTree = "<group>";
		};
		217E5B8D28ABF83C009A8C11 /* AddBarcode */ = {
			isa = PBXGroup;
			children = (
				21CF2BE428928FFB00293E38 /* AddBarcodeView.swift */,
				217E5B8E28ABF9F1009A8C11 /* AddBarcodeViewModel.swift */,
			);
			path = AddBarcode;
			sourceTree = "<group>";
		};
		217E5B9228ACC61F009A8C11 /* AddBook */ = {
			isa = PBXGroup;
			children = (
				21FDE2C428900C1500A779A5 /* AddBookView.swift */,
				21B1E6182892ABB8004593C7 /* AddSearch */,
				217E5B8D28ABF83C009A8C11 /* AddBarcode */,
			);
			path = AddBook;
			sourceTree = "<group>";
		};
		217E5B9328ACDAB8009A8C11 /* AR */ = {
			isa = PBXGroup;
			children = (
				217E5B9428ACDAE1009A8C11 /* TestARView.swift */,
			);
			path = AR;
			sourceTree = "<group>";
		};
		21857521289149C20082F2A0 /* Network */ = {
			isa = PBXGroup;
			children = (
				21857522289149D20082F2A0 /* NetworkType.swift */,
				21CF2BE0289280A300293E38 /* NetworkingManager.swift */,
				21CF2BE2289280BD00293E38 /* BookSearchService.swift */,
			);
			path = Network;
			sourceTree = "<group>";
		};
		21B1E6172892ABA2004593C7 /* BookList */ = {
			isa = PBXGroup;
			children = (
				21FFCCF3288C092F003152C2 /* BookListView.swift */,
				21B1E6152892A714004593C7 /* BookListViewModel.swift */,
			);
			path = BookList;
			sourceTree = "<group>";
		};
		21B1E6182892ABB8004593C7 /* AddSearch */ = {
			isa = PBXGroup;
			children = (
				21FDE2C22890090100A779A5 /* AddSearchView.swift */,
				21B1E6192892ABD4004593C7 /* AddSearchViewModel.swift */,
			);
			path = AddSearch;
			sourceTree = "<group>";
		};
		21CF2BDA28927C0E00293E38 /* Data */ = {
			isa = PBXGroup;
			children = (
				21CF2BDB28927C1700293E38 /* CoreDataManager.swift */,
			);
			path = Data;
			sourceTree = "<group>";
		};
		21D1DF09289967A200C49DE1 /* BookDetail */ = {
			isa = PBXGroup;
			children = (
				213BF002289BDC3A005A68B6 /* Components */,
				215F0A99288FA68A0045FFF8 /* BookInfoView.swift */,
				215F0A9F288FA6F40045FFF8 /* BookMarkView.swift */,
				215F0AA1288FA7620045FFF8 /* ManageBookmarkView.swift */,
				215F0A9D288FA6E80045FFF8 /* BookDetailView.swift */,
				21D1DF0A289967B300C49DE1 /* BookDetailViewModel.swift */,
			);
			path = BookDetail;
			sourceTree = "<group>";
		};
		21FFCCE5288C092F003152C2 = {
			isa = PBXGroup;
			children = (
				21FFCCF0288C092F003152C2 /* Dandelion */,
				21FFCCEF288C092F003152C2 /* Products */,
			);
			sourceTree = "<group>";
		};
		21FFCCEF288C092F003152C2 /* Products */ = {
			isa = PBXGroup;
			children = (
				21FFCCEE288C092F003152C2 /* Dandelion.app */,
			);
			name = Products;
			sourceTree = "<group>";
		};
		21FFCCF0288C092F003152C2 /* Dandelion */ = {
			isa = PBXGroup;
			children = (
				21CF2BDA28927C0E00293E38 /* Data */,
				21857521289149C20082F2A0 /* Network */,
				215F0A9C288FA6A40045FFF8 /* Core */,
				210DFD9A28929A19008E3C07 /* Extension */,
				215F0A9B288FA6910045FFF8 /* Components */,
				21FFCD03288C0EEB003152C2 /* Design */,
				21FFCD0F288C1EF8003152C2 /* Info.plist */,
				210DFD982892931D008E3C07 /* Launch Screen.storyboard */,
				21FFCCF1288C092F003152C2 /* DandelionApp.swift */,
				21CF2BDD28927C7A00293E38 /* Dandelion.xcdatamodeld */,
				21FFCCF5288C0930003152C2 /* Assets.xcassets */,
				21FFCCF7288C0930003152C2 /* Preview Content */,
			);
			path = Dandelion;
			sourceTree = "<group>";
		};
		21FFCCF7288C0930003152C2 /* Preview Content */ = {
			isa = PBXGroup;
			children = (
				21FFCCF8288C0930003152C2 /* Preview Assets.xcassets */,
			);
			path = "Preview Content";
			sourceTree = "<group>";
		};
		21FFCD03288C0EEB003152C2 /* Design */ = {
			isa = PBXGroup;
			children = (
				21FFCD04288C1DC9003152C2 /* Fonts */,
				21FFCCFF288C0ED2003152C2 /* Color.swift */,
				21FFCD01288C0EE2003152C2 /* Typography.swift */,
				21FFCD12288C33EA003152C2 /* Asset.swift */,
			);
			path = Design;
			sourceTree = "<group>";
		};
		21FFCD04288C1DC9003152C2 /* Fonts */ = {
			isa = PBXGroup;
			children = (
				21FFCD10288C2D29003152C2 /* SF-Pro.ttf */,
				21FFCD0B288C1EDB003152C2 /* NanumMyeongjo.otf */,
				21FFCD0C288C1EDB003152C2 /* NanumMyeongjoExtraBold.otf */,
				21FFCD05288C1E32003152C2 /* PlayfairDisplay-Bold.ttf */,
				21FFCD06288C1E33003152C2 /* PlayfairDisplay-Italic.ttf */,
				21FFCD07288C1E33003152C2 /* PlayfairDisplay-Regular.ttf */,
			);
			path = Fonts;
			sourceTree = "<group>";
		};
/* End PBXGroup section */

/* Begin PBXNativeTarget section */
		21FFCCED288C092F003152C2 /* Dandelion */ = {
			isa = PBXNativeTarget;
			buildConfigurationList = 21FFCCFC288C0930003152C2 /* Build configuration list for PBXNativeTarget "Dandelion" */;
			buildPhases = (
				21FFCCEA288C092F003152C2 /* Sources */,
				21FFCCEB288C092F003152C2 /* Frameworks */,
				21FFCCEC288C092F003152C2 /* Resources */,
			);
			buildRules = (
			);
			dependencies = (
			);
			name = Dandelion;
			packageProductDependencies = (
				21B1E61C289390FE004593C7 /* Kingfisher */,
			);
			productName = Dandelion;
			productReference = 21FFCCEE288C092F003152C2 /* Dandelion.app */;
			productType = "com.apple.product-type.application";
		};
/* End PBXNativeTarget section */

/* Begin PBXProject section */
		21FFCCE6288C092F003152C2 /* Project object */ = {
			isa = PBXProject;
			attributes = {
				BuildIndependentTargetsInParallel = 1;
				LastSwiftUpdateCheck = 1400;
				LastUpgradeCheck = 1400;
				TargetAttributes = {
					21FFCCED288C092F003152C2 = {
						CreatedOnToolsVersion = 14.0;
					};
				};
			};
			buildConfigurationList = 21FFCCE9288C092F003152C2 /* Build configuration list for PBXProject "Dandelion" */;
			compatibilityVersion = "Xcode 14.0";
			developmentRegion = en;
			hasScannedForEncodings = 0;
			knownRegions = (
				en,
				Base,
			);
			mainGroup = 21FFCCE5288C092F003152C2;
			packageReferences = (
				21B1E61B289390FE004593C7 /* XCRemoteSwiftPackageReference "Kingfisher" */,
			);
			productRefGroup = 21FFCCEF288C092F003152C2 /* Products */;
			projectDirPath = "";
			projectRoot = "";
			targets = (
				21FFCCED288C092F003152C2 /* Dandelion */,
			);
		};
/* End PBXProject section */

/* Begin PBXResourcesBuildPhase section */
		21FFCCEC288C092F003152C2 /* Resources */ = {
			isa = PBXResourcesBuildPhase;
			buildActionMask = 2147483647;
			files = (
				21FFCD0A288C1E33003152C2 /* PlayfairDisplay-Regular.ttf in Resources */,
				21FFCD08288C1E33003152C2 /* PlayfairDisplay-Bold.ttf in Resources */,
				21FFCCF9288C0930003152C2 /* Preview Assets.xcassets in Resources */,
				210DFD992892931D008E3C07 /* Launch Screen.storyboard in Resources */,
				21FFCD0D288C1EDB003152C2 /* NanumMyeongjo.otf in Resources */,
				21FFCCF6288C0930003152C2 /* Assets.xcassets in Resources */,
				21FFCD11288C2D29003152C2 /* SF-Pro.ttf in Resources */,
				21FFCD09288C1E33003152C2 /* PlayfairDisplay-Italic.ttf in Resources */,
				21FFCD0E288C1EDB003152C2 /* NanumMyeongjoExtraBold.otf in Resources */,
			);
			runOnlyForDeploymentPostprocessing = 0;
		};
/* End PBXResourcesBuildPhase section */

/* Begin PBXSourcesBuildPhase section */
		21FFCCEA288C092F003152C2 /* Sources */ = {
			isa = PBXSourcesBuildPhase;
			buildActionMask = 2147483647;
			files = (
				21FFCCF4288C092F003152C2 /* BookListView.swift in Sources */,
				217E5B8F28ABF9F1009A8C11 /* AddBarcodeViewModel.swift in Sources */,
				21FDE2C7289013F700A779A5 /* CustomSlider.swift in Sources */,
				217E5B8C28A8F83E009A8C11 /* BarCodeScanner.swift in Sources */,
				21FFCCF2288C092F003152C2 /* DandelionApp.swift in Sources */,
				21FFCD13288C33EB003152C2 /* Asset.swift in Sources */,
				21D1DF0B289967B300C49DE1 /* BookDetailViewModel.swift in Sources */,
				21CF2BDF28927C7A00293E38 /* Dandelion.xcdatamodeld in Sources */,
				217E5B9128ACC442009A8C11 /* Foundation+Extension.swift in Sources */,
				21B1E6162892A714004593C7 /* BookListViewModel.swift in Sources */,
				215FB3A728980F02009C85F9 /* UIKit+Extension.swift in Sources */,
				215F0A98288FA3AD0045FFF8 /* ButtonStyle.swift in Sources */,
				216019BC289EA19D00454721 /* StepSlider.swift in Sources */,
				215F0A9E288FA6E80045FFF8 /* BookDetailView.swift in Sources */,
				21FDE2C32890090100A779A5 /* AddSearchView.swift in Sources */,
				21FFCD02288C0EE2003152C2 /* Typography.swift in Sources */,
				21FDE2C528900C1500A779A5 /* AddBookView.swift in Sources */,
				21CF2BDC28927C1700293E38 /* CoreDataManager.swift in Sources */,
				213BF006289BDC55005A68B6 /* ReviewTextField.swift in Sources */,
				213BF004289BDC4D005A68B6 /* RatingSlider.swift in Sources */,
				21FFCD00288C0ED2003152C2 /* Color.swift in Sources */,
				218E63ED288C503A0023A8A0 /* SearchBar.swift in Sources */,
				213BF008289BDC5F005A68B6 /* RatingIndicator.swift in Sources */,
				21CF2BE1289280A300293E38 /* NetworkingManager.swift in Sources */,
				215F0AA2288FA7620045FFF8 /* ManageBookmarkView.swift in Sources */,
				21FDE2C92890140700A779A5 /* PageStepper.swift in Sources */,
				215F0AA0288FA6F40045FFF8 /* BookMarkView.swift in Sources */,
				21857523289149D20082F2A0 /* NetworkType.swift in Sources */,
				215F0AA4288FA78A0045FFF8 /* BottomSheet.swift in Sources */,
				21CF2BE528928FFB00293E38 /* AddBarcodeView.swift in Sources */,
				21CF2BE3289280BD00293E38 /* BookSearchService.swift in Sources */,
				217E5B9528ACDAE1009A8C11 /* TestARView.swift in Sources */,
				215F0A9A288FA68A0045FFF8 /* BookInfoView.swift in Sources */,
				210DFD9C28929A2D008E3C07 /* View+Extension.swift in Sources */,
				21D1DF082899600000C49DE1 /* Date+Extension.swift in Sources */,
				21B1E61A2892ABD4004593C7 /* AddSearchViewModel.swift in Sources */,
				21FE9A87289F9CBF0001B7CC /* ScanButton.swift in Sources */,
				215FB3A928984761009C85F9 /* LaunchScreenView.swift in Sources */,
			);
			runOnlyForDeploymentPostprocessing = 0;
		};
/* End PBXSourcesBuildPhase section */

/* Begin XCBuildConfiguration section */
		21FFCCFA288C0930003152C2 /* Debug */ = {
			isa = XCBuildConfiguration;
			buildSettings = {
				ALWAYS_SEARCH_USER_PATHS = NO;
				CLANG_ANALYZER_NONNULL = YES;
				CLANG_ANALYZER_NUMBER_OBJECT_CONVERSION = YES_AGGRESSIVE;
				CLANG_CXX_LANGUAGE_STANDARD = "gnu++17";
				CLANG_ENABLE_MODULES = YES;
				CLANG_ENABLE_OBJC_ARC = YES;
				CLANG_ENABLE_OBJC_WEAK = YES;
				CLANG_WARN_BLOCK_CAPTURE_AUTORELEASING = YES;
				CLANG_WARN_BOOL_CONVERSION = YES;
				CLANG_WARN_COMMA = YES;
				CLANG_WARN_CONSTANT_CONVERSION = YES;
				CLANG_WARN_DEPRECATED_OBJC_IMPLEMENTATIONS = YES;
				CLANG_WARN_DIRECT_OBJC_ISA_USAGE = YES_ERROR;
				CLANG_WARN_DOCUMENTATION_COMMENTS = YES;
				CLANG_WARN_EMPTY_BODY = YES;
				CLANG_WARN_ENUM_CONVERSION = YES;
				CLANG_WARN_INFINITE_RECURSION = YES;
				CLANG_WARN_INT_CONVERSION = YES;
				CLANG_WARN_NON_LITERAL_NULL_CONVERSION = YES;
				CLANG_WARN_OBJC_IMPLICIT_RETAIN_SELF = YES;
				CLANG_WARN_OBJC_LITERAL_CONVERSION = YES;
				CLANG_WARN_OBJC_ROOT_CLASS = YES_ERROR;
				CLANG_WARN_QUOTED_INCLUDE_IN_FRAMEWORK_HEADER = YES;
				CLANG_WARN_RANGE_LOOP_ANALYSIS = YES;
				CLANG_WARN_STRICT_PROTOTYPES = YES;
				CLANG_WARN_SUSPICIOUS_MOVE = YES;
				CLANG_WARN_UNGUARDED_AVAILABILITY = YES_AGGRESSIVE;
				CLANG_WARN_UNREACHABLE_CODE = YES;
				CLANG_WARN__DUPLICATE_METHOD_MATCH = YES;
				COPY_PHASE_STRIP = NO;
				DEBUG_INFORMATION_FORMAT = dwarf;
				ENABLE_STRICT_OBJC_MSGSEND = YES;
				ENABLE_TESTABILITY = YES;
				GCC_C_LANGUAGE_STANDARD = gnu11;
				GCC_DYNAMIC_NO_PIC = NO;
				GCC_NO_COMMON_BLOCKS = YES;
				GCC_OPTIMIZATION_LEVEL = 0;
				GCC_PREPROCESSOR_DEFINITIONS = (
					"DEBUG=1",
					"$(inherited)",
				);
				GCC_WARN_64_TO_32_BIT_CONVERSION = YES;
				GCC_WARN_ABOUT_RETURN_TYPE = YES_ERROR;
				GCC_WARN_UNDECLARED_SELECTOR = YES;
				GCC_WARN_UNINITIALIZED_AUTOS = YES_AGGRESSIVE;
				GCC_WARN_UNUSED_FUNCTION = YES;
				GCC_WARN_UNUSED_VARIABLE = YES;
				IPHONEOS_DEPLOYMENT_TARGET = 16.0;
				MTL_ENABLE_DEBUG_INFO = INCLUDE_SOURCE;
				MTL_FAST_MATH = YES;
				ONLY_ACTIVE_ARCH = YES;
				SDKROOT = iphoneos;
				SWIFT_ACTIVE_COMPILATION_CONDITIONS = DEBUG;
				SWIFT_OPTIMIZATION_LEVEL = "-Onone";
			};
			name = Debug;
		};
		21FFCCFB288C0930003152C2 /* Release */ = {
			isa = XCBuildConfiguration;
			buildSettings = {
				ALWAYS_SEARCH_USER_PATHS = NO;
				CLANG_ANALYZER_NONNULL = YES;
				CLANG_ANALYZER_NUMBER_OBJECT_CONVERSION = YES_AGGRESSIVE;
				CLANG_CXX_LANGUAGE_STANDARD = "gnu++17";
				CLANG_ENABLE_MODULES = YES;
				CLANG_ENABLE_OBJC_ARC = YES;
				CLANG_ENABLE_OBJC_WEAK = YES;
				CLANG_WARN_BLOCK_CAPTURE_AUTORELEASING = YES;
				CLANG_WARN_BOOL_CONVERSION = YES;
				CLANG_WARN_COMMA = YES;
				CLANG_WARN_CONSTANT_CONVERSION = YES;
				CLANG_WARN_DEPRECATED_OBJC_IMPLEMENTATIONS = YES;
				CLANG_WARN_DIRECT_OBJC_ISA_USAGE = YES_ERROR;
				CLANG_WARN_DOCUMENTATION_COMMENTS = YES;
				CLANG_WARN_EMPTY_BODY = YES;
				CLANG_WARN_ENUM_CONVERSION = YES;
				CLANG_WARN_INFINITE_RECURSION = YES;
				CLANG_WARN_INT_CONVERSION = YES;
				CLANG_WARN_NON_LITERAL_NULL_CONVERSION = YES;
				CLANG_WARN_OBJC_IMPLICIT_RETAIN_SELF = YES;
				CLANG_WARN_OBJC_LITERAL_CONVERSION = YES;
				CLANG_WARN_OBJC_ROOT_CLASS = YES_ERROR;
				CLANG_WARN_QUOTED_INCLUDE_IN_FRAMEWORK_HEADER = YES;
				CLANG_WARN_RANGE_LOOP_ANALYSIS = YES;
				CLANG_WARN_STRICT_PROTOTYPES = YES;
				CLANG_WARN_SUSPICIOUS_MOVE = YES;
				CLANG_WARN_UNGUARDED_AVAILABILITY = YES_AGGRESSIVE;
				CLANG_WARN_UNREACHABLE_CODE = YES;
				CLANG_WARN__DUPLICATE_METHOD_MATCH = YES;
				COPY_PHASE_STRIP = NO;
				DEBUG_INFORMATION_FORMAT = "dwarf-with-dsym";
				ENABLE_NS_ASSERTIONS = NO;
				ENABLE_STRICT_OBJC_MSGSEND = YES;
				GCC_C_LANGUAGE_STANDARD = gnu11;
				GCC_NO_COMMON_BLOCKS = YES;
				GCC_WARN_64_TO_32_BIT_CONVERSION = YES;
				GCC_WARN_ABOUT_RETURN_TYPE = YES_ERROR;
				GCC_WARN_UNDECLARED_SELECTOR = YES;
				GCC_WARN_UNINITIALIZED_AUTOS = YES_AGGRESSIVE;
				GCC_WARN_UNUSED_FUNCTION = YES;
				GCC_WARN_UNUSED_VARIABLE = YES;
				IPHONEOS_DEPLOYMENT_TARGET = 16.0;
				MTL_ENABLE_DEBUG_INFO = NO;
				MTL_FAST_MATH = YES;
				SDKROOT = iphoneos;
				SWIFT_COMPILATION_MODE = wholemodule;
				SWIFT_OPTIMIZATION_LEVEL = "-O";
				VALIDATE_PRODUCT = YES;
			};
			name = Release;
		};
		21FFCCFD288C0930003152C2 /* Debug */ = {
			isa = XCBuildConfiguration;
			buildSettings = {
				ASSETCATALOG_COMPILER_APPICON_NAME = AppIcon;
				ASSETCATALOG_COMPILER_GLOBAL_ACCENT_COLOR_NAME = AccentColor;
				CODE_SIGN_STYLE = Automatic;
				CURRENT_PROJECT_VERSION = 1;
				DEVELOPMENT_ASSET_PATHS = "\"Dandelion/Preview Content\"";
				DEVELOPMENT_TEAM = VT69ZW2DRC;
				ENABLE_PREVIEWS = YES;
				GENERATE_INFOPLIST_FILE = YES;
				INFOPLIST_FILE = Dandelion/Info.plist;
				INFOPLIST_KEY_UIApplicationSceneManifest_Generation = YES;
				INFOPLIST_KEY_UIApplicationSupportsIndirectInputEvents = YES;
				INFOPLIST_KEY_UILaunchScreen_Generation = YES;
				INFOPLIST_KEY_UILaunchStoryboardName = "Launch Screen.storyboard";
				INFOPLIST_KEY_UISupportedInterfaceOrientations_iPad = "UIInterfaceOrientationPortrait UIInterfaceOrientationPortraitUpsideDown UIInterfaceOrientationLandscapeLeft UIInterfaceOrientationLandscapeRight";
				INFOPLIST_KEY_UISupportedInterfaceOrientations_iPhone = "UIInterfaceOrientationPortrait UIInterfaceOrientationLandscapeLeft UIInterfaceOrientationLandscapeRight";
				LD_RUNPATH_SEARCH_PATHS = (
					"$(inherited)",
					"@executable_path/Frameworks",
				);
				MARKETING_VERSION = 1.0;
				PRODUCT_BUNDLE_IDENTIFIER = eraser.Dandelion;
				PRODUCT_NAME = "$(TARGET_NAME)";
				SWIFT_EMIT_LOC_STRINGS = YES;
				SWIFT_VERSION = 5.0;
				TARGETED_DEVICE_FAMILY = "1,2";
			};
			name = Debug;
		};
		21FFCCFE288C0930003152C2 /* Release */ = {
			isa = XCBuildConfiguration;
			buildSettings = {
				ASSETCATALOG_COMPILER_APPICON_NAME = AppIcon;
				ASSETCATALOG_COMPILER_GLOBAL_ACCENT_COLOR_NAME = AccentColor;
				CODE_SIGN_STYLE = Automatic;
				CURRENT_PROJECT_VERSION = 1;
				DEVELOPMENT_ASSET_PATHS = "\"Dandelion/Preview Content\"";
				DEVELOPMENT_TEAM = VT69ZW2DRC;
				ENABLE_PREVIEWS = YES;
				GENERATE_INFOPLIST_FILE = YES;
				INFOPLIST_FILE = Dandelion/Info.plist;
				INFOPLIST_KEY_UIApplicationSceneManifest_Generation = YES;
				INFOPLIST_KEY_UIApplicationSupportsIndirectInputEvents = YES;
				INFOPLIST_KEY_UILaunchScreen_Generation = YES;
				INFOPLIST_KEY_UILaunchStoryboardName = "Launch Screen.storyboard";
				INFOPLIST_KEY_UISupportedInterfaceOrientations_iPad = "UIInterfaceOrientationPortrait UIInterfaceOrientationPortraitUpsideDown UIInterfaceOrientationLandscapeLeft UIInterfaceOrientationLandscapeRight";
				INFOPLIST_KEY_UISupportedInterfaceOrientations_iPhone = "UIInterfaceOrientationPortrait UIInterfaceOrientationLandscapeLeft UIInterfaceOrientationLandscapeRight";
				LD_RUNPATH_SEARCH_PATHS = (
					"$(inherited)",
					"@executable_path/Frameworks",
				);
				MARKETING_VERSION = 1.0;
				PRODUCT_BUNDLE_IDENTIFIER = eraser.Dandelion;
				PRODUCT_NAME = "$(TARGET_NAME)";
				SWIFT_EMIT_LOC_STRINGS = YES;
				SWIFT_VERSION = 5.0;
				TARGETED_DEVICE_FAMILY = "1,2";
			};
			name = Release;
		};
/* End XCBuildConfiguration section */

/* Begin XCConfigurationList section */
		21FFCCE9288C092F003152C2 /* Build configuration list for PBXProject "Dandelion" */ = {
			isa = XCConfigurationList;
			buildConfigurations = (
				21FFCCFA288C0930003152C2 /* Debug */,
				21FFCCFB288C0930003152C2 /* Release */,
			);
			defaultConfigurationIsVisible = 0;
			defaultConfigurationName = Release;
		};
		21FFCCFC288C0930003152C2 /* Build configuration list for PBXNativeTarget "Dandelion" */ = {
			isa = XCConfigurationList;
			buildConfigurations = (
				21FFCCFD288C0930003152C2 /* Debug */,
				21FFCCFE288C0930003152C2 /* Release */,
			);
			defaultConfigurationIsVisible = 0;
			defaultConfigurationName = Release;
		};
/* End XCConfigurationList section */

/* Begin XCRemoteSwiftPackageReference section */
		21B1E61B289390FE004593C7 /* XCRemoteSwiftPackageReference "Kingfisher" */ = {
			isa = XCRemoteSwiftPackageReference;
			repositoryURL = "https://github.com/onevcat/Kingfisher";
			requirement = {
				kind = upToNextMajorVersion;
				minimumVersion = 7.0.0;
			};
		};
/* End XCRemoteSwiftPackageReference section */

/* Begin XCSwiftPackageProductDependency section */
		21B1E61C289390FE004593C7 /* Kingfisher */ = {
			isa = XCSwiftPackageProductDependency;
			package = 21B1E61B289390FE004593C7 /* XCRemoteSwiftPackageReference "Kingfisher" */;
			productName = Kingfisher;
		};
/* End XCSwiftPackageProductDependency section */

/* Begin XCVersionGroup section */
		21CF2BDD28927C7A00293E38 /* Dandelion.xcdatamodeld */ = {
			isa = XCVersionGroup;
			children = (
				21CF2BDE28927C7A00293E38 /* Dandelion.xcdatamodel */,
			);
			currentVersion = 21CF2BDE28927C7A00293E38 /* Dandelion.xcdatamodel */;
			path = Dandelion.xcdatamodeld;
			sourceTree = "<group>";
			versionGroupType = wrapper.xcdatamodel;
		};
/* End XCVersionGroup section */
	};
	rootObject = 21FFCCE6288C092F003152C2 /* Project object */;
}
